
Microsoft Visual Studio Solution File, Format Version 12.00
# Visual Studio Version 17
VisualStudioVersion = 17.1.32414.318
MinimumVisualStudioVersion = 10.0.40219.1
Project("{9A19103F-16F7-4668-BE54-9A1E7A4F7556}") = "MarsSimple", "MarsSimple\MarsSimple.csproj", "{D9F4EDA6-7BE4-460A-AC0B-9E32B2A83650}"
EndProject
Project("{9A19103F-16F7-4668-BE54-9A1E7A4F7556}") = "MarsDll", "MarsDll\MarsDll.csproj", "{F8133269-8CA4-46CF-88DD-16488A781699}"
EndProject
Project("{9A19103F-16F7-4668-BE54-9A1E7A4F7556}") = "MarsConsole", "MarsConsole\MarsConsole.csproj", "{60D40597-ACC4-4D71-87B4-D15FB7C89406}"
EndProject
Project("{FAE04EC0-301F-11D3-BF4B-00C04F79EFBC}") = "PulseSecure", "PulseSecure\PulseSecure.csproj", "{B147CEC0-0FD4-466F-A02E-EC9D2100049D}"
EndProject
Global
	GlobalSection(SolutionConfigurationPlatforms) = preSolution
		Debug|Any CPU = Debug|Any CPU
		Release|Any CPU = Release|Any CPU
	EndGlobalSection
	GlobalSection(ProjectConfigurationPlatforms) = postSolution
		{D9F4EDA6-7BE4-460A-AC0B-9E32B2A83650}.Debug|Any CPU.ActiveCfg = Debug|Any CPU
		{D9F4EDA6-7BE4-460A-AC0B-9E32B2A83650}.Debug|Any CPU.Build.0 = Debug|Any CPU
		{D9F4EDA6-7BE4-460A-AC0B-9E32B2A83650}.Release|Any CPU.ActiveCfg = Release|Any CPU
		{D9F4EDA6-7BE4-460A-AC0B-9E32B2A83650}.Release|Any CPU.Build.0 = Release|Any CPU
		{F8133269-8CA4-46CF-88DD-16488A781699}.Debug|Any CPU.ActiveCfg = Debug|Any CPU
		{F8133269-8CA4-46CF-88DD-16488A781699}.Debug|Any CPU.Build.0 = Debug|Any CPU
		{F8133269-8CA4-46CF-88DD-16488A781699}.Release|Any CPU.ActiveCfg = Release|Any CPU
		{F8133269-8CA4-46CF-88DD-16488A781699}.Release|Any CPU.Build.0 = Release|Any CPU
		{60D40597-ACC4-4D71-87B4-D15FB7C89406}.Debug|Any CPU.ActiveCfg = Debug|Any CPU
		{60D40597-ACC4-4D71-87B4-D15FB7C89406}.Debug|Any CPU.Build.0 = Debug|Any CPU
		{60D40597-ACC4-4D71-87B4-D15FB7C89406}.Release|Any CPU.ActiveCfg = Release|Any CPU
		{60D40597-ACC4-4D71-87B4-D15FB7C89406}.Release|Any CPU.Build.0 = Release|Any CPU
		{B147CEC0-0FD4-466F-A02E-EC9D2100049D}.Debug|Any CPU.ActiveCfg = Debug|Any CPU
		{B147CEC0-0FD4-466F-A02E-EC9D2100049D}.Debug|Any CPU.Build.0 = Debug|Any CPU
		{B147CEC0-0FD4-466F-A02E-EC9D2100049D}.Release|Any CPU.ActiveCfg = Release|Any CPU
		{B147CEC0-0FD4-466F-A02E-EC9D2100049D}.Release|Any CPU.Build.0 = Release|Any CPU
	EndGlobalSection
	GlobalSection(SolutionProperties) = preSolution
		HideSolutionNode = FALSE
	EndGlobalSection
	GlobalSection(ExtensibilityGlobals) = postSolution
		SolutionGuid = {E04AC974-E2E8-4BA6-A72C-64EA9E554772}
	EndGlobalSection
EndGlobal
